
Microsoft Visual Studio Solution File, Format Version 12.00
# Visual Studio Version 17
VisualStudioVersion = 17.8.34316.72
MinimumVisualStudioVersion = 10.0.40219.1
Project("{888888A0-9F3D-457C-B088-3A5042F75D52}") = "ProjektJS", "ProjektJS.pyproj", "{B32EC243-3940-4BBA-816F-CD93082BD476}"
EndProject
Global
	GlobalSection(SolutionConfigurationPlatforms) = preSolution
		Debug|Any CPU = Debug|Any CPU
		Release|Any CPU = Release|Any CPU
	EndGlobalSection
	GlobalSection(ProjectConfigurationPlatforms) = postSolution
		{B32EC243-3940-4BBA-816F-CD93082BD476}.Debug|Any CPU.ActiveCfg = Debug|Any CPU
		{B32EC243-3940-4BBA-816F-CD93082BD476}.Release|Any CPU.ActiveCfg = Release|Any CPU
	EndGlobalSection
	GlobalSection(SolutionProperties) = preSolution
		HideSolutionNode = FALSE
	EndGlobalSection
	GlobalSection(ExtensibilityGlobals) = postSolution
		SolutionGuid = {BFA03B2E-9835-4F34-BFDF-E122F004A51F}
	EndGlobalSection
EndGlobal
